
Microsoft Visual Studio Solution File, Format Version 12.00
# Visual Studio 15
VisualStudioVersion = 15.0.27130.2027
MinimumVisualStudioVersion = 10.0.40219.1
Project("{FAE04EC0-301F-11D3-BF4B-00C04F79EFBC}") = "App_Xamarin.Android", "App_Xamarin\App_Xamarin.Android\App_Xamarin.Android.csproj", "{3E7776D1-53BA-45F7-9342-02F86D657212}"
EndProject
Project("{FAE04EC0-301F-11D3-BF4B-00C04F79EFBC}") = "App_Xamarin.iOS", "App_Xamarin\App_Xamarin.iOS\App_Xamarin.iOS.csproj", "{BE2B5872-5157-477B-885D-A8EA845B3EE4}"
EndProject
Project("{FAE04EC0-301F-11D3-BF4B-00C04F79EFBC}") = "App_Xamarin.UWP", "App_Xamarin\App_Xamarin.UWP\App_Xamarin.UWP.csproj", "{B7DBC1B6-2CA6-47AF-BB3E-0AE28F3B2C30}"
EndProject
Project("{FAE04EC0-301F-11D3-BF4B-00C04F79EFBC}") = "App_Xamarin", "App_Xamarin\App_Xamarin\App_Xamarin.csproj", "{C4D302EF-A44A-4886-9F70-75A0D3557E89}"
EndProject
Global
	GlobalSection(SolutionConfigurationPlatforms) = preSolution
		Ad-Hoc|Any CPU = Ad-Hoc|Any CPU
		Ad-Hoc|ARM = Ad-Hoc|ARM
		Ad-Hoc|iPhone = Ad-Hoc|iPhone
		Ad-Hoc|iPhoneSimulator = Ad-Hoc|iPhoneSimulator
		Ad-Hoc|x64 = Ad-Hoc|x64
		Ad-Hoc|x86 = Ad-Hoc|x86
		AppStore|Any CPU = AppStore|Any CPU
		AppStore|ARM = AppStore|ARM
		AppStore|iPhone = AppStore|iPhone
		AppStore|iPhoneSimulator = AppStore|iPhoneSimulator
		AppStore|x64 = AppStore|x64
		AppStore|x86 = AppStore|x86
		Debug|Any CPU = Debug|Any CPU
		Debug|ARM = Debug|ARM
		Debug|iPhone = Debug|iPhone
		Debug|iPhoneSimulator = Debug|iPhoneSimulator
		Debug|x64 = Debug|x64
		Debug|x86 = Debug|x86
		Release|Any CPU = Release|Any CPU
		Release|ARM = Release|ARM
		Release|iPhone = Release|iPhone
		Release|iPhoneSimulator = Release|iPhoneSimulator
		Release|x64 = Release|x64
		Release|x86 = Release|x86
	EndGlobalSection
	GlobalSection(ProjectConfigurationPlatforms) = postSolution
		{3E7776D1-53BA-45F7-9342-02F86D657212}.Ad-Hoc|Any CPU.ActiveCfg = Release|Any CPU
		{3E7776D1-53BA-45F7-9342-02F86D657212}.Ad-Hoc|Any CPU.Build.0 = Release|Any CPU
		{3E7776D1-53BA-45F7-9342-02F86D657212}.Ad-Hoc|Any CPU.Deploy.0 = Release|Any CPU
		{3E7776D1-53BA-45F7-9342-02F86D657212}.Ad-Hoc|ARM.ActiveCfg = Release|Any CPU
		{3E7776D1-53BA-45F7-9342-02F86D657212}.Ad-Hoc|ARM.Build.0 = Release|Any CPU
		{3E7776D1-53BA-45F7-9342-02F86D657212}.Ad-Hoc|ARM.Deploy.0 = Release|Any CPU
		{3E7776D1-53BA-45F7-9342-02F86D657212}.Ad-Hoc|iPhone.ActiveCfg = Release|Any CPU
		{3E7776D1-53BA-45F7-9342-02F86D657212}.Ad-Hoc|iPhone.Build.0 = Release|Any CPU
		{3E7776D1-53BA-45F7-9342-02F86D657212}.Ad-Hoc|iPhone.Deploy.0 = Release|Any CPU
		{3E7776D1-53BA-45F7-9342-02F86D657212}.Ad-Hoc|iPhoneSimulator.ActiveCfg = Release|Any CPU
		{3E7776D1-53BA-45F7-9342-02F86D657212}.Ad-Hoc|iPhoneSimulator.Build.0 = Release|Any CPU
		{3E7776D1-53BA-45F7-9342-02F86D657212}.Ad-Hoc|iPhoneSimulator.Deploy.0 = Release|Any CPU
		{3E7776D1-53BA-45F7-9342-02F86D657212}.Ad-Hoc|x64.ActiveCfg = Release|Any CPU
		{3E7776D1-53BA-45F7-9342-02F86D657212}.Ad-Hoc|x64.Build.0 = Release|Any CPU
		{3E7776D1-53BA-45F7-9342-02F86D657212}.Ad-Hoc|x64.Deploy.0 = Release|Any CPU
		{3E7776D1-53BA-45F7-9342-02F86D657212}.Ad-Hoc|x86.ActiveCfg = Release|Any CPU
		{3E7776D1-53BA-45F7-9342-02F86D657212}.Ad-Hoc|x86.Build.0 = Release|Any CPU
		{3E7776D1-53BA-45F7-9342-02F86D657212}.Ad-Hoc|x86.Deploy.0 = Release|Any CPU
		{3E7776D1-53BA-45F7-9342-02F86D657212}.AppStore|Any CPU.ActiveCfg = Release|Any CPU
		{3E7776D1-53BA-45F7-9342-02F86D657212}.AppStore|Any CPU.Build.0 = Release|Any CPU
		{3E7776D1-53BA-45F7-9342-02F86D657212}.AppStore|Any CPU.Deploy.0 = Release|Any CPU
		{3E7776D1-53BA-45F7-9342-02F86D657212}.AppStore|ARM.ActiveCfg = Release|Any CPU
		{3E7776D1-53BA-45F7-9342-02F86D657212}.AppStore|ARM.Build.0 = Release|Any CPU
		{3E7776D1-53BA-45F7-9342-02F86D657212}.AppStore|ARM.Deploy.0 = Release|Any CPU
		{3E7776D1-53BA-45F7-9342-02F86D657212}.AppStore|iPhone.ActiveCfg = Release|Any CPU
		{3E7776D1-53BA-45F7-9342-02F86D657212}.AppStore|iPhone.Build.0 = Release|Any CPU
		{3E7776D1-53BA-45F7-9342-02F86D657212}.AppStore|iPhone.Deploy.0 = Release|Any CPU
		{3E7776D1-53BA-45F7-9342-02F86D657212}.AppStore|iPhoneSimulator.ActiveCfg = Release|Any CPU
		{3E7776D1-53BA-45F7-9342-02F86D657212}.AppStore|iPhoneSimulator.Build.0 = Release|Any CPU
		{3E7776D1-53BA-45F7-9342-02F86D657212}.AppStore|iPhoneSimulator.Deploy.0 = Release|Any CPU
		{3E7776D1-53BA-45F7-9342-02F86D657212}.AppStore|x64.ActiveCfg = Release|Any CPU
		{3E7776D1-53BA-45F7-9342-02F86D657212}.AppStore|x64.Build.0 = Release|Any CPU
		{3E7776D1-53BA-45F7-9342-02F86D657212}.AppStore|x64.Deploy.0 = Release|Any CPU
		{3E7776D1-53BA-45F7-9342-02F86D657212}.AppStore|x86.ActiveCfg = Release|Any CPU
		{3E7776D1-53BA-45F7-9342-02F86D657212}.AppStore|x86.Build.0 = Release|Any CPU
		{3E7776D1-53BA-45F7-9342-02F86D657212}.AppStore|x86.Deploy.0 = Release|Any CPU
		{3E7776D1-53BA-45F7-9342-02F86D657212}.Debug|Any CPU.ActiveCfg = Debug|Any CPU
		{3E7776D1-53BA-45F7-9342-02F86D657212}.Debug|Any CPU.Build.0 = Debug|Any CPU
		{3E7776D1-53BA-45F7-9342-02F86D657212}.Debug|Any CPU.Deploy.0 = Debug|Any CPU
		{3E7776D1-53BA-45F7-9342-02F86D657212}.Debug|ARM.ActiveCfg = Debug|Any CPU
		{3E7776D1-53BA-45F7-9342-02F86D657212}.Debug|ARM.Build.0 = Debug|Any CPU
		{3E7776D1-53BA-45F7-9342-02F86D657212}.Debug|ARM.Deploy.0 = Debug|Any CPU
		{3E7776D1-53BA-45F7-9342-02F86D657212}.Debug|iPhone.ActiveCfg = Debug|Any CPU
		{3E7776D1-53BA-45F7-9342-02F86D657212}.Debug|iPhone.Build.0 = Debug|Any CPU
		{3E7776D1-53BA-45F7-9342-02F86D657212}.Debug|iPhone.Deploy.0 = Debug|Any CPU
		{3E7776D1-53BA-45F7-9342-02F86D657212}.Debug|iPhoneSimulator.ActiveCfg = Debug|Any CPU
		{3E7776D1-53BA-45F7-9342-02F86D657212}.Debug|iPhoneSimulator.Build.0 = Debug|Any CPU
		{3E7776D1-53BA-45F7-9342-02F86D657212}.Debug|iPhoneSimulator.Deploy.0 = Debug|Any CPU
		{3E7776D1-53BA-45F7-9342-02F86D657212}.Debug|x64.ActiveCfg = Debug|Any CPU
		{3E7776D1-53BA-45F7-9342-02F86D657212}.Debug|x64.Build.0 = Debug|Any CPU
		{3E7776D1-53BA-45F7-9342-02F86D657212}.Debug|x64.Deploy.0 = Debug|Any CPU
		{3E7776D1-53BA-45F7-9342-02F86D657212}.Debug|x86.ActiveCfg = Debug|Any CPU
		{3E7776D1-53BA-45F7-9342-02F86D657212}.Debug|x86.Build.0 = Debug|Any CPU
		{3E7776D1-53BA-45F7-9342-02F86D657212}.Debug|x86.Deploy.0 = Debug|Any CPU
		{3E7776D1-53BA-45F7-9342-02F86D657212}.Release|Any CPU.ActiveCfg = Release|Any CPU
		{3E7776D1-53BA-45F7-9342-02F86D657212}.Release|Any CPU.Build.0 = Release|Any CPU
		{3E7776D1-53BA-45F7-9342-02F86D657212}.Release|Any CPU.Deploy.0 = Release|Any CPU
		{3E7776D1-53BA-45F7-9342-02F86D657212}.Release|ARM.ActiveCfg = Release|Any CPU
		{3E7776D1-53BA-45F7-9342-02F86D657212}.Release|ARM.Build.0 = Release|Any CPU
		{3E7776D1-53BA-45F7-9342-02F86D657212}.Release|ARM.Deploy.0 = Release|Any CPU
		{3E7776D1-53BA-45F7-9342-02F86D657212}.Release|iPhone.ActiveCfg = Release|Any CPU
		{3E7776D1-53BA-45F7-9342-02F86D657212}.Release|iPhone.Build.0 = Release|Any CPU
		{3E7776D1-53BA-45F7-9342-02F86D657212}.Release|iPhone.Deploy.0 = Release|Any CPU
		{3E7776D1-53BA-45F7-9342-02F86D657212}.Release|iPhoneSimulator.ActiveCfg = Release|Any CPU
		{3E7776D1-53BA-45F7-9342-02F86D657212}.Release|iPhoneSimulator.Build.0 = Release|Any CPU
		{3E7776D1-53BA-45F7-9342-02F86D657212}.Release|iPhoneSimulator.Deploy.0 = Release|Any CPU
		{3E7776D1-53BA-45F7-9342-02F86D657212}.Release|x64.ActiveCfg = Release|Any CPU
		{3E7776D1-53BA-45F7-9342-02F86D657212}.Release|x64.Build.0 = Release|Any CPU
		{3E7776D1-53BA-45F7-9342-02F86D657212}.Release|x64.Deploy.0 = Release|Any CPU
		{3E7776D1-53BA-45F7-9342-02F86D657212}.Release|x86.ActiveCfg = Release|Any CPU
		{3E7776D1-53BA-45F7-9342-02F86D657212}.Release|x86.Build.0 = Release|Any CPU
		{3E7776D1-53BA-45F7-9342-02F86D657212}.Release|x86.Deploy.0 = Release|Any CPU
		{BE2B5872-5157-477B-885D-A8EA845B3EE4}.Ad-Hoc|Any CPU.ActiveCfg = Ad-Hoc|iPhone
		{BE2B5872-5157-477B-885D-A8EA845B3EE4}.Ad-Hoc|ARM.ActiveCfg = Ad-Hoc|iPhone
		{BE2B5872-5157-477B-885D-A8EA845B3EE4}.Ad-Hoc|iPhone.ActiveCfg = Ad-Hoc|iPhone
		{BE2B5872-5157-477B-885D-A8EA845B3EE4}.Ad-Hoc|iPhone.Build.0 = Ad-Hoc|iPhone
		{BE2B5872-5157-477B-885D-A8EA845B3EE4}.Ad-Hoc|iPhoneSimulator.ActiveCfg = Ad-Hoc|iPhoneSimulator
		{BE2B5872-5157-477B-885D-A8EA845B3EE4}.Ad-Hoc|iPhoneSimulator.Build.0 = Ad-Hoc|iPhoneSimulator
		{BE2B5872-5157-477B-885D-A8EA845B3EE4}.Ad-Hoc|x64.ActiveCfg = Ad-Hoc|iPhone
		{BE2B5872-5157-477B-885D-A8EA845B3EE4}.Ad-Hoc|x86.ActiveCfg = Ad-Hoc|iPhone
		{BE2B5872-5157-477B-885D-A8EA845B3EE4}.AppStore|Any CPU.ActiveCfg = AppStore|iPhone
		{BE2B5872-5157-477B-885D-A8EA845B3EE4}.AppStore|ARM.ActiveCfg = AppStore|iPhone
		{BE2B5872-5157-477B-885D-A8EA845B3EE4}.AppStore|iPhone.ActiveCfg = AppStore|iPhone
		{BE2B5872-5157-477B-885D-A8EA845B3EE4}.AppStore|iPhone.Build.0 = AppStore|iPhone
		{BE2B5872-5157-477B-885D-A8EA845B3EE4}.AppStore|iPhoneSimulator.ActiveCfg = AppStore|iPhoneSimulator
		{BE2B5872-5157-477B-885D-A8EA845B3EE4}.AppStore|iPhoneSimulator.Build.0 = AppStore|iPhoneSimulator
		{BE2B5872-5157-477B-885D-A8EA845B3EE4}.AppStore|x64.ActiveCfg = AppStore|iPhone
		{BE2B5872-5157-477B-885D-A8EA845B3EE4}.AppStore|x86.ActiveCfg = AppStore|iPhone
		{BE2B5872-5157-477B-885D-A8EA845B3EE4}.Debug|Any CPU.ActiveCfg = Debug|iPhone
		{BE2B5872-5157-477B-885D-A8EA845B3EE4}.Debug|ARM.ActiveCfg = Debug|iPhone
		{BE2B5872-5157-477B-885D-A8EA845B3EE4}.Debug|iPhone.ActiveCfg = Debug|iPhone
		{BE2B5872-5157-477B-885D-A8EA845B3EE4}.Debug|iPhone.Build.0 = Debug|iPhone
		{BE2B5872-5157-477B-885D-A8EA845B3EE4}.Debug|iPhoneSimulator.ActiveCfg = Debug|iPhoneSimulator
		{BE2B5872-5157-477B-885D-A8EA845B3EE4}.Debug|iPhoneSimulator.Build.0 = Debug|iPhoneSimulator
		{BE2B5872-5157-477B-885D-A8EA845B3EE4}.Debug|x64.ActiveCfg = Debug|iPhone
		{BE2B5872-5157-477B-885D-A8EA845B3EE4}.Debug|x86.ActiveCfg = Debug|iPhone
		{BE2B5872-5157-477B-885D-A8EA845B3EE4}.Release|Any CPU.ActiveCfg = Release|iPhone
		{BE2B5872-5157-477B-885D-A8EA845B3EE4}.Release|ARM.ActiveCfg = Release|iPhone
		{BE2B5872-5157-477B-885D-A8EA845B3EE4}.Release|iPhone.ActiveCfg = Release|iPhone
		{BE2B5872-5157-477B-885D-A8EA845B3EE4}.Release|iPhone.Build.0 = Release|iPhone
		{BE2B5872-5157-477B-885D-A8EA845B3EE4}.Release|iPhoneSimulator.ActiveCfg = Release|iPhoneSimulator
		{BE2B5872-5157-477B-885D-A8EA845B3EE4}.Release|iPhoneSimulator.Build.0 = Release|iPhoneSimulator
		{BE2B5872-5157-477B-885D-A8EA845B3EE4}.Release|x64.ActiveCfg = Release|iPhone
		{BE2B5872-5157-477B-885D-A8EA845B3EE4}.Release|x86.ActiveCfg = Release|iPhone
		{B7DBC1B6-2CA6-47AF-BB3E-0AE28F3B2C30}.Ad-Hoc|Any CPU.ActiveCfg = Release|x86
		{B7DBC1B6-2CA6-47AF-BB3E-0AE28F3B2C30}.Ad-Hoc|Any CPU.Build.0 = Release|x86
		{B7DBC1B6-2CA6-47AF-BB3E-0AE28F3B2C30}.Ad-Hoc|Any CPU.Deploy.0 = Release|x86
		{B7DBC1B6-2CA6-47AF-BB3E-0AE28F3B2C30}.Ad-Hoc|ARM.ActiveCfg = Release|ARM
		{B7DBC1B6-2CA6-47AF-BB3E-0AE28F3B2C30}.Ad-Hoc|ARM.Build.0 = Release|ARM
		{B7DBC1B6-2CA6-47AF-BB3E-0AE28F3B2C30}.Ad-Hoc|ARM.Deploy.0 = Release|ARM
		{B7DBC1B6-2CA6-47AF-BB3E-0AE28F3B2C30}.Ad-Hoc|iPhone.ActiveCfg = Release|x86
		{B7DBC1B6-2CA6-47AF-BB3E-0AE28F3B2C30}.Ad-Hoc|iPhone.Build.0 = Release|x86
		{B7DBC1B6-2CA6-47AF-BB3E-0AE28F3B2C30}.Ad-Hoc|iPhone.Deploy.0 = Release|x86
		{B7DBC1B6-2CA6-47AF-BB3E-0AE28F3B2C30}.Ad-Hoc|iPhoneSimulator.ActiveCfg = Release|x86
		{B7DBC1B6-2CA6-47AF-BB3E-0AE28F3B2C30}.Ad-Hoc|iPhoneSimulator.Build.0 = Release|x86
		{B7DBC1B6-2CA6-47AF-BB3E-0AE28F3B2C30}.Ad-Hoc|iPhoneSimulator.Deploy.0 = Release|x86
		{B7DBC1B6-2CA6-47AF-BB3E-0AE28F3B2C30}.Ad-Hoc|x64.ActiveCfg = Release|x64
		{B7DBC1B6-2CA6-47AF-BB3E-0AE28F3B2C30}.Ad-Hoc|x64.Build.0 = Release|x64
		{B7DBC1B6-2CA6-47AF-BB3E-0AE28F3B2C30}.Ad-Hoc|x64.Deploy.0 = Release|x64
		{B7DBC1B6-2CA6-47AF-BB3E-0AE28F3B2C30}.Ad-Hoc|x86.ActiveCfg = Release|x86
		{B7DBC1B6-2CA6-47AF-BB3E-0AE28F3B2C30}.Ad-Hoc|x86.Build.0 = Release|x86
		{B7DBC1B6-2CA6-47AF-BB3E-0AE28F3B2C30}.Ad-Hoc|x86.Deploy.0 = Release|x86
		{B7DBC1B6-2CA6-47AF-BB3E-0AE28F3B2C30}.AppStore|Any CPU.ActiveCfg = Release|x86
		{B7DBC1B6-2CA6-47AF-BB3E-0AE28F3B2C30}.AppStore|Any CPU.Build.0 = Release|x86
		{B7DBC1B6-2CA6-47AF-BB3E-0AE28F3B2C30}.AppStore|Any CPU.Deploy.0 = Release|x86
		{B7DBC1B6-2CA6-47AF-BB3E-0AE28F3B2C30}.AppStore|ARM.ActiveCfg = Release|ARM
		{B7DBC1B6-2CA6-47AF-BB3E-0AE28F3B2C30}.AppStore|ARM.Build.0 = Release|ARM
		{B7DBC1B6-2CA6-47AF-BB3E-0AE28F3B2C30}.AppStore|ARM.Deploy.0 = Release|ARM
		{B7DBC1B6-2CA6-47AF-BB3E-0AE28F3B2C30}.AppStore|iPhone.ActiveCfg = Release|x86
		{B7DBC1B6-2CA6-47AF-BB3E-0AE28F3B2C30}.AppStore|iPhone.Build.0 = Release|x86
		{B7DBC1B6-2CA6-47AF-BB3E-0AE28F3B2C30}.AppStore|iPhone.Deploy.0 = Release|x86
		{B7DBC1B6-2CA6-47AF-BB3E-0AE28F3B2C30}.AppStore|iPhoneSimulator.ActiveCfg = Release|x86
		{B7DBC1B6-2CA6-47AF-BB3E-0AE28F3B2C30}.AppStore|iPhoneSimulator.Build.0 = Release|x86
		{B7DBC1B6-2CA6-47AF-BB3E-0AE28F3B2C30}.AppStore|iPhoneSimulator.Deploy.0 = Release|x86
		{B7DBC1B6-2CA6-47AF-BB3E-0AE28F3B2C30}.AppStore|x64.ActiveCfg = Release|x64
		{B7DBC1B6-2CA6-47AF-BB3E-0AE28F3B2C30}.AppStore|x64.Build.0 = Release|x64
		{B7DBC1B6-2CA6-47AF-BB3E-0AE28F3B2C30}.AppStore|x64.Deploy.0 = Release|x64
		{B7DBC1B6-2CA6-47AF-BB3E-0AE28F3B2C30}.AppStore|x86.ActiveCfg = Release|x86
		{B7DBC1B6-2CA6-47AF-BB3E-0AE28F3B2C30}.AppStore|x86.Build.0 = Release|x86
		{B7DBC1B6-2CA6-47AF-BB3E-0AE28F3B2C30}.AppStore|x86.Deploy.0 = Release|x86
		{B7DBC1B6-2CA6-47AF-BB3E-0AE28F3B2C30}.Debug|Any CPU.ActiveCfg = Debug|x86
		{B7DBC1B6-2CA6-47AF-BB3E-0AE28F3B2C30}.Debug|ARM.ActiveCfg = Debug|ARM
		{B7DBC1B6-2CA6-47AF-BB3E-0AE28F3B2C30}.Debug|ARM.Build.0 = Debug|ARM
		{B7DBC1B6-2CA6-47AF-BB3E-0AE28F3B2C30}.Debug|ARM.Deploy.0 = Debug|ARM
		{B7DBC1B6-2CA6-47AF-BB3E-0AE28F3B2C30}.Debug|iPhone.ActiveCfg = Debug|x86
		{B7DBC1B6-2CA6-47AF-BB3E-0AE28F3B2C30}.Debug|iPhoneSimulator.ActiveCfg = Debug|x86
		{B7DBC1B6-2CA6-47AF-BB3E-0AE28F3B2C30}.Debug|x64.ActiveCfg = Debug|x64
		{B7DBC1B6-2CA6-47AF-BB3E-0AE28F3B2C30}.Debug|x64.Build.0 = Debug|x64
		{B7DBC1B6-2CA6-47AF-BB3E-0AE28F3B2C30}.Debug|x64.Deploy.0 = Debug|x64
		{B7DBC1B6-2CA6-47AF-BB3E-0AE28F3B2C30}.Debug|x86.ActiveCfg = Debug|x86
		{B7DBC1B6-2CA6-47AF-BB3E-0AE28F3B2C30}.Debug|x86.Build.0 = Debug|x86
		{B7DBC1B6-2CA6-47AF-BB3E-0AE28F3B2C30}.Debug|x86.Deploy.0 = Debug|x86
		{B7DBC1B6-2CA6-47AF-BB3E-0AE28F3B2C30}.Release|Any CPU.ActiveCfg = Release|x86
		{B7DBC1B6-2CA6-47AF-BB3E-0AE28F3B2C30}.Release|ARM.ActiveCfg = Release|ARM
		{B7DBC1B6-2CA6-47AF-BB3E-0AE28F3B2C30}.Release|ARM.Build.0 = Release|ARM
		{B7DBC1B6-2CA6-47AF-BB3E-0AE28F3B2C30}.Release|ARM.Deploy.0 = Release|ARM
		{B7DBC1B6-2CA6-47AF-BB3E-0AE28F3B2C30}.Release|iPhone.ActiveCfg = Release|x86
		{B7DBC1B6-2CA6-47AF-BB3E-0AE28F3B2C30}.Release|iPhoneSimulator.ActiveCfg = Release|x86
		{B7DBC1B6-2CA6-47AF-BB3E-0AE28F3B2C30}.Release|x64.ActiveCfg = Release|x64
		{B7DBC1B6-2CA6-47AF-BB3E-0AE28F3B2C30}.Release|x64.Build.0 = Release|x64
		{B7DBC1B6-2CA6-47AF-BB3E-0AE28F3B2C30}.Release|x64.Deploy.0 = Release|x64
		{B7DBC1B6-2CA6-47AF-BB3E-0AE28F3B2C30}.Release|x86.ActiveCfg = Release|x86
		{B7DBC1B6-2CA6-47AF-BB3E-0AE28F3B2C30}.Release|x86.Build.0 = Release|x86
		{B7DBC1B6-2CA6-47AF-BB3E-0AE28F3B2C30}.Release|x86.Deploy.0 = Release|x86
		{C4D302EF-A44A-4886-9F70-75A0D3557E89}.Ad-Hoc|Any CPU.ActiveCfg = Debug|Any CPU
		{C4D302EF-A44A-4886-9F70-75A0D3557E89}.Ad-Hoc|Any CPU.Build.0 = Debug|Any CPU
		{C4D302EF-A44A-4886-9F70-75A0D3557E89}.Ad-Hoc|ARM.ActiveCfg = Debug|Any CPU
		{C4D302EF-A44A-4886-9F70-75A0D3557E89}.Ad-Hoc|ARM.Build.0 = Debug|Any CPU
		{C4D302EF-A44A-4886-9F70-75A0D3557E89}.Ad-Hoc|iPhone.ActiveCfg = Debug|Any CPU
		{C4D302EF-A44A-4886-9F70-75A0D3557E89}.Ad-Hoc|iPhone.Build.0 = Debug|Any CPU
		{C4D302EF-A44A-4886-9F70-75A0D3557E89}.Ad-Hoc|iPhoneSimulator.ActiveCfg = Debug|Any CPU
		{C4D302EF-A44A-4886-9F70-75A0D3557E89}.Ad-Hoc|iPhoneSimulator.Build.0 = Debug|Any CPU
		{C4D302EF-A44A-4886-9F70-75A0D3557E89}.Ad-Hoc|x64.ActiveCfg = Debug|Any CPU
		{C4D302EF-A44A-4886-9F70-75A0D3557E89}.Ad-Hoc|x64.Build.0 = Debug|Any CPU
		{C4D302EF-A44A-4886-9F70-75A0D3557E89}.Ad-Hoc|x86.ActiveCfg = Debug|Any CPU
		{C4D302EF-A44A-4886-9F70-75A0D3557E89}.Ad-Hoc|x86.Build.0 = Debug|Any CPU
		{C4D302EF-A44A-4886-9F70-75A0D3557E89}.AppStore|Any CPU.ActiveCfg = Debug|Any CPU
		{C4D302EF-A44A-4886-9F70-75A0D3557E89}.AppStore|Any CPU.Build.0 = Debug|Any CPU
		{C4D302EF-A44A-4886-9F70-75A0D3557E89}.AppStore|ARM.ActiveCfg = Debug|Any CPU
		{C4D302EF-A44A-4886-9F70-75A0D3557E89}.AppStore|ARM.Build.0 = Debug|Any CPU
		{C4D302EF-A44A-4886-9F70-75A0D3557E89}.AppStore|iPhone.ActiveCfg = Debug|Any CPU
		{C4D302EF-A44A-4886-9F70-75A0D3557E89}.AppStore|iPhone.Build.0 = Debug|Any CPU
		{C4D302EF-A44A-4886-9F70-75A0D3557E89}.AppStore|iPhoneSimulator.ActiveCfg = Debug|Any CPU
		{C4D302EF-A44A-4886-9F70-75A0D3557E89}.AppStore|iPhoneSimulator.Build.0 = Debug|Any CPU
		{C4D302EF-A44A-4886-9F70-75A0D3557E89}.AppStore|x64.ActiveCfg = Debug|Any CPU
		{C4D302EF-A44A-4886-9F70-75A0D3557E89}.AppStore|x64.Build.0 = Debug|Any CPU
		{C4D302EF-A44A-4886-9F70-75A0D3557E89}.AppStore|x86.ActiveCfg = Debug|Any CPU
		{C4D302EF-A44A-4886-9F70-75A0D3557E89}.AppStore|x86.Build.0 = Debug|Any CPU
		{C4D302EF-A44A-4886-9F70-75A0D3557E89}.Debug|Any CPU.ActiveCfg = Debug|Any CPU
		{C4D302EF-A44A-4886-9F70-75A0D3557E89}.Debug|Any CPU.Build.0 = Debug|Any CPU
		{C4D302EF-A44A-4886-9F70-75A0D3557E89}.Debug|ARM.ActiveCfg = Debug|Any CPU
		{C4D302EF-A44A-4886-9F70-75A0D3557E89}.Debug|ARM.Build.0 = Debug|Any CPU
		{C4D302EF-A44A-4886-9F70-75A0D3557E89}.Debug|iPhone.ActiveCfg = Debug|Any CPU
		{C4D302EF-A44A-4886-9F70-75A0D3557E89}.Debug|iPhone.Build.0 = Debug|Any CPU
		{C4D302EF-A44A-4886-9F70-75A0D3557E89}.Debug|iPhoneSimulator.ActiveCfg = Debug|Any CPU
		{C4D302EF-A44A-4886-9F70-75A0D3557E89}.Debug|iPhoneSimulator.Build.0 = Debug|Any CPU
		{C4D302EF-A44A-4886-9F70-75A0D3557E89}.Debug|x64.ActiveCfg = Debug|Any CPU
		{C4D302EF-A44A-4886-9F70-75A0D3557E89}.Debug|x64.Build.0 = Debug|Any CPU
		{C4D302EF-A44A-4886-9F70-75A0D3557E89}.Debug|x86.ActiveCfg = Debug|Any CPU
		{C4D302EF-A44A-4886-9F70-75A0D3557E89}.Debug|x86.Build.0 = Debug|Any CPU
		{C4D302EF-A44A-4886-9F70-75A0D3557E89}.Release|Any CPU.ActiveCfg = Release|Any CPU
		{C4D302EF-A44A-4886-9F70-75A0D3557E89}.Release|Any CPU.Build.0 = Release|Any CPU
		{C4D302EF-A44A-4886-9F70-75A0D3557E89}.Release|ARM.ActiveCfg = Release|Any CPU
		{C4D302EF-A44A-4886-9F70-75A0D3557E89}.Release|ARM.Build.0 = Release|Any CPU
		{C4D302EF-A44A-4886-9F70-75A0D3557E89}.Release|iPhone.ActiveCfg = Release|Any CPU
		{C4D302EF-A44A-4886-9F70-75A0D3557E89}.Release|iPhone.Build.0 = Release|Any CPU
		{C4D302EF-A44A-4886-9F70-75A0D3557E89}.Release|iPhoneSimulator.ActiveCfg = Release|Any CPU
		{C4D302EF-A44A-4886-9F70-75A0D3557E89}.Release|iPhoneSimulator.Build.0 = Release|Any CPU
		{C4D302EF-A44A-4886-9F70-75A0D3557E89}.Release|x64.ActiveCfg = Release|Any CPU
		{C4D302EF-A44A-4886-9F70-75A0D3557E89}.Release|x64.Build.0 = Release|Any CPU
		{C4D302EF-A44A-4886-9F70-75A0D3557E89}.Release|x86.ActiveCfg = Release|Any CPU
		{C4D302EF-A44A-4886-9F70-75A0D3557E89}.Release|x86.Build.0 = Release|Any CPU
	EndGlobalSection
	GlobalSection(SolutionProperties) = preSolution
		HideSolutionNode = FALSE
	EndGlobalSection
	GlobalSection(ExtensibilityGlobals) = postSolution
		SolutionGuid = {C31563F1-9BCD-46A9-921A-A2316B769C08}
	EndGlobalSection
EndGlobal
